
Microsoft Visual Studio Solution File, Format Version 12.00
# Visual Studio Version 16
VisualStudioVersion = 16.0.32002.261
MinimumVisualStudioVersion = 10.0.40219.1
Project("{FAE04EC0-301F-11D3-BF4B-00C04F79EFBC}") = "Inline_HTML_Helper", "Inline_HTML_Helper.csproj", "{15B8E05D-91C0-40F9-B71E-019B3A72C943}"
EndProject
Global
	GlobalSection(SolutionConfigurationPlatforms) = preSolution
		Debug|Any CPU = Debug|Any CPU
		Release|Any CPU = Release|Any CPU
	EndGlobalSection
	GlobalSection(ProjectConfigurationPlatforms) = postSolution
		{15B8E05D-91C0-40F9-B71E-019B3A72C943}.Debug|Any CPU.ActiveCfg = Debug|Any CPU
		{15B8E05D-91C0-40F9-B71E-019B3A72C943}.Debug|Any CPU.Build.0 = Debug|Any CPU
		{15B8E05D-91C0-40F9-B71E-019B3A72C943}.Release|Any CPU.ActiveCfg = Release|Any CPU
		{15B8E05D-91C0-40F9-B71E-019B3A72C943}.Release|Any CPU.Build.0 = Release|Any CPU
	EndGlobalSection
	GlobalSection(SolutionProperties) = preSolution
		HideSolutionNode = FALSE
	EndGlobalSection
	GlobalSection(ExtensibilityGlobals) = postSolution
		SolutionGuid = {4B94FECA-F81B-4923-BAD0-47D0D6FF0BBD}
	EndGlobalSection
EndGlobal
