
Microsoft Visual Studio Solution File, Format Version 12.00
# Visual Studio Version 16
VisualStudioVersion = 16.0.32002.261
MinimumVisualStudioVersion = 10.0.40219.1
Project("{FAE04EC0-301F-11D3-BF4B-00C04F79EFBC}") = "First_Create_Controller", "First_Create_Controller.csproj", "{CC1BFBB1-9DDD-4468-B7CB-4055CC3E4EF5}"
EndProject
Global
	GlobalSection(SolutionConfigurationPlatforms) = preSolution
		Debug|Any CPU = Debug|Any CPU
		Release|Any CPU = Release|Any CPU
	EndGlobalSection
	GlobalSection(ProjectConfigurationPlatforms) = postSolution
		{CC1BFBB1-9DDD-4468-B7CB-4055CC3E4EF5}.Debug|Any CPU.ActiveCfg = Debug|Any CPU
		{CC1BFBB1-9DDD-4468-B7CB-4055CC3E4EF5}.Debug|Any CPU.Build.0 = Debug|Any CPU
		{CC1BFBB1-9DDD-4468-B7CB-4055CC3E4EF5}.Release|Any CPU.ActiveCfg = Release|Any CPU
		{CC1BFBB1-9DDD-4468-B7CB-4055CC3E4EF5}.Release|Any CPU.Build.0 = Release|Any CPU
	EndGlobalSection
	GlobalSection(SolutionProperties) = preSolution
		HideSolutionNode = FALSE
	EndGlobalSection
	GlobalSection(ExtensibilityGlobals) = postSolution
		SolutionGuid = {9321850D-9D1C-415A-8A47-5B875ACD01E2}
	EndGlobalSection
EndGlobal
