
Microsoft Visual Studio Solution File, Format Version 12.00
# Visual Studio Version 16
VisualStudioVersion = 16.0.32002.261
MinimumVisualStudioVersion = 10.0.40219.1
Project("{FAE04EC0-301F-11D3-BF4B-00C04F79EFBC}") = "Solution_of_Dimond_Problm_Using_Interface", "Solution_of_Dimond_Problm_Using_Interface.csproj", "{9C41FC1F-DA2C-4212-A788-5B2F229BC808}"
EndProject
Global
	GlobalSection(SolutionConfigurationPlatforms) = preSolution
		Debug|Any CPU = Debug|Any CPU
		Release|Any CPU = Release|Any CPU
	EndGlobalSection
	GlobalSection(ProjectConfigurationPlatforms) = postSolution
		{9C41FC1F-DA2C-4212-A788-5B2F229BC808}.Debug|Any CPU.ActiveCfg = Debug|Any CPU
		{9C41FC1F-DA2C-4212-A788-5B2F229BC808}.Debug|Any CPU.Build.0 = Debug|Any CPU
		{9C41FC1F-DA2C-4212-A788-5B2F229BC808}.Release|Any CPU.ActiveCfg = Release|Any CPU
		{9C41FC1F-DA2C-4212-A788-5B2F229BC808}.Release|Any CPU.Build.0 = Release|Any CPU
	EndGlobalSection
	GlobalSection(SolutionProperties) = preSolution
		HideSolutionNode = FALSE
	EndGlobalSection
	GlobalSection(ExtensibilityGlobals) = postSolution
		SolutionGuid = {F66468D9-FE51-49B1-906E-2EC900D24476}
	EndGlobalSection
EndGlobal
