
Microsoft Visual Studio Solution File, Format Version 12.00
# Visual Studio Version 16
VisualStudioVersion = 16.0.32002.261
MinimumVisualStudioVersion = 10.0.40219.1
Project("{FAE04EC0-301F-11D3-BF4B-00C04F79EFBC}") = "Eplicit_typecasting", "Eplicit_typecasting.csproj", "{80639696-BD4A-4832-AC61-C0143BD92A3A}"
EndProject
Global
	GlobalSection(SolutionConfigurationPlatforms) = preSolution
		Debug|Any CPU = Debug|Any CPU
		Release|Any CPU = Release|Any CPU
	EndGlobalSection
	GlobalSection(ProjectConfigurationPlatforms) = postSolution
		{80639696-BD4A-4832-AC61-C0143BD92A3A}.Debug|Any CPU.ActiveCfg = Debug|Any CPU
		{80639696-BD4A-4832-AC61-C0143BD92A3A}.Debug|Any CPU.Build.0 = Debug|Any CPU
		{80639696-BD4A-4832-AC61-C0143BD92A3A}.Release|Any CPU.ActiveCfg = Release|Any CPU
		{80639696-BD4A-4832-AC61-C0143BD92A3A}.Release|Any CPU.Build.0 = Release|Any CPU
	EndGlobalSection
	GlobalSection(SolutionProperties) = preSolution
		HideSolutionNode = FALSE
	EndGlobalSection
	GlobalSection(ExtensibilityGlobals) = postSolution
		SolutionGuid = {2E418DF1-3B7D-41FE-924B-606B46DAECE9}
	EndGlobalSection
EndGlobal
