
Microsoft Visual Studio Solution File, Format Version 12.00
# Visual Studio Version 16
VisualStudioVersion = 16.0.32002.261
MinimumVisualStudioVersion = 10.0.40219.1
Project("{FAE04EC0-301F-11D3-BF4B-00C04F79EFBC}") = "Interface_Multiple_Inheritance", "Interface_Multiple_Inheritance.csproj", "{048019DC-20EC-402E-8A49-1AA92262B535}"
EndProject
Global
	GlobalSection(SolutionConfigurationPlatforms) = preSolution
		Debug|Any CPU = Debug|Any CPU
		Release|Any CPU = Release|Any CPU
	EndGlobalSection
	GlobalSection(ProjectConfigurationPlatforms) = postSolution
		{048019DC-20EC-402E-8A49-1AA92262B535}.Debug|Any CPU.ActiveCfg = Debug|Any CPU
		{048019DC-20EC-402E-8A49-1AA92262B535}.Debug|Any CPU.Build.0 = Debug|Any CPU
		{048019DC-20EC-402E-8A49-1AA92262B535}.Release|Any CPU.ActiveCfg = Release|Any CPU
		{048019DC-20EC-402E-8A49-1AA92262B535}.Release|Any CPU.Build.0 = Release|Any CPU
	EndGlobalSection
	GlobalSection(SolutionProperties) = preSolution
		HideSolutionNode = FALSE
	EndGlobalSection
	GlobalSection(ExtensibilityGlobals) = postSolution
		SolutionGuid = {6F0DF100-5D3A-4809-94B0-F26984B8F22E}
	EndGlobalSection
EndGlobal
