
Microsoft Visual Studio Solution File, Format Version 12.00
# Visual Studio Version 16
VisualStudioVersion = 16.0.32002.261
MinimumVisualStudioVersion = 10.0.40219.1
Project("{FAE04EC0-301F-11D3-BF4B-00C04F79EFBC}") = "Code_first_Entity", "Code_first_Entity.csproj", "{14B646C1-74AE-4B62-9E3E-F4DE57EB1032}"
EndProject
Global
	GlobalSection(SolutionConfigurationPlatforms) = preSolution
		Debug|Any CPU = Debug|Any CPU
		Release|Any CPU = Release|Any CPU
	EndGlobalSection
	GlobalSection(ProjectConfigurationPlatforms) = postSolution
		{14B646C1-74AE-4B62-9E3E-F4DE57EB1032}.Debug|Any CPU.ActiveCfg = Debug|Any CPU
		{14B646C1-74AE-4B62-9E3E-F4DE57EB1032}.Debug|Any CPU.Build.0 = Debug|Any CPU
		{14B646C1-74AE-4B62-9E3E-F4DE57EB1032}.Release|Any CPU.ActiveCfg = Release|Any CPU
		{14B646C1-74AE-4B62-9E3E-F4DE57EB1032}.Release|Any CPU.Build.0 = Release|Any CPU
	EndGlobalSection
	GlobalSection(SolutionProperties) = preSolution
		HideSolutionNode = FALSE
	EndGlobalSection
	GlobalSection(ExtensibilityGlobals) = postSolution
		SolutionGuid = {548FA51C-72AF-40E7-A3CC-E1CF839D03BD}
	EndGlobalSection
EndGlobal
